
Microsoft Visual Studio Solution File, Format Version 12.00
Project("{2150E333-8FDC-42A3-9474-1A3956D46DE8}") = "DataAccess", "DataAccess", "{1E07FDC2-FC7D-48B5-A3C6-029272CC5EA9}"
EndProject
Project("{FAE04EC0-301F-11D3-BF4B-00C04F79EFBC}") = "TasksTracker.Contracts", "DataAccess\TasksTracker.Contracts\TasksTracker.Contracts.csproj", "{09D08601-8B01-41EA-A736-8D9C86B307C4}"
EndProject
Project("{FAE04EC0-301F-11D3-BF4B-00C04F79EFBC}") = "TasksTracker.Sqlite", "DataAccess\TasksTracker.Sqlite\TasksTracker.Sqlite.csproj", "{0E5964BE-110B-48DC-801D-E695763A05C6}"
EndProject
Project("{2150E333-8FDC-42A3-9474-1A3956D46DE8}") = "Clients", "Clients", "{5BED292D-8ED3-4C67-BA3C-9BEDD5A5EC5A}"
EndProject
Project("{FAE04EC0-301F-11D3-BF4B-00C04F79EFBC}") = "TasksTracker.Main", "Clients\TasksTracker.Main\TasksTracker.Main.csproj", "{2485C8AD-D204-43C4-8B5F-0655975FAEDA}"
EndProject
Project("{FAE04EC0-301F-11D3-BF4B-00C04F79EFBC}") = "TasksTracker.Cli", "Clients\TasksTracker.Cli\TasksTracker.Cli.csproj", "{440F412F-4DF7-4FFB-8466-94FFEA01AAC4}"
EndProject
Global
	GlobalSection(SolutionConfigurationPlatforms) = preSolution
		Debug|Any CPU = Debug|Any CPU
		Release|Any CPU = Release|Any CPU
	EndGlobalSection
	GlobalSection(NestedProjects) = preSolution
		{09D08601-8B01-41EA-A736-8D9C86B307C4} = {1E07FDC2-FC7D-48B5-A3C6-029272CC5EA9}
		{0E5964BE-110B-48DC-801D-E695763A05C6} = {1E07FDC2-FC7D-48B5-A3C6-029272CC5EA9}
		{2485C8AD-D204-43C4-8B5F-0655975FAEDA} = {5BED292D-8ED3-4C67-BA3C-9BEDD5A5EC5A}
		{440F412F-4DF7-4FFB-8466-94FFEA01AAC4} = {5BED292D-8ED3-4C67-BA3C-9BEDD5A5EC5A}
	EndGlobalSection
	GlobalSection(ProjectConfigurationPlatforms) = postSolution
		{09D08601-8B01-41EA-A736-8D9C86B307C4}.Debug|Any CPU.ActiveCfg = Debug|Any CPU
		{09D08601-8B01-41EA-A736-8D9C86B307C4}.Debug|Any CPU.Build.0 = Debug|Any CPU
		{09D08601-8B01-41EA-A736-8D9C86B307C4}.Release|Any CPU.ActiveCfg = Release|Any CPU
		{09D08601-8B01-41EA-A736-8D9C86B307C4}.Release|Any CPU.Build.0 = Release|Any CPU
		{0E5964BE-110B-48DC-801D-E695763A05C6}.Debug|Any CPU.ActiveCfg = Debug|Any CPU
		{0E5964BE-110B-48DC-801D-E695763A05C6}.Debug|Any CPU.Build.0 = Debug|Any CPU
		{0E5964BE-110B-48DC-801D-E695763A05C6}.Release|Any CPU.ActiveCfg = Release|Any CPU
		{0E5964BE-110B-48DC-801D-E695763A05C6}.Release|Any CPU.Build.0 = Release|Any CPU
		{2485C8AD-D204-43C4-8B5F-0655975FAEDA}.Debug|Any CPU.ActiveCfg = Debug|Any CPU
		{2485C8AD-D204-43C4-8B5F-0655975FAEDA}.Debug|Any CPU.Build.0 = Debug|Any CPU
		{2485C8AD-D204-43C4-8B5F-0655975FAEDA}.Release|Any CPU.ActiveCfg = Release|Any CPU
		{2485C8AD-D204-43C4-8B5F-0655975FAEDA}.Release|Any CPU.Build.0 = Release|Any CPU
		{440F412F-4DF7-4FFB-8466-94FFEA01AAC4}.Debug|Any CPU.ActiveCfg = Debug|Any CPU
		{440F412F-4DF7-4FFB-8466-94FFEA01AAC4}.Debug|Any CPU.Build.0 = Debug|Any CPU
		{440F412F-4DF7-4FFB-8466-94FFEA01AAC4}.Release|Any CPU.ActiveCfg = Release|Any CPU
		{440F412F-4DF7-4FFB-8466-94FFEA01AAC4}.Release|Any CPU.Build.0 = Release|Any CPU
	EndGlobalSection
EndGlobal
